
Microsoft Visual Studio Solution File, Format Version 12.00
# Visual Studio Version 17
VisualStudioVersion = 17.7.34202.233
MinimumVisualStudioVersion = 10.0.40219.1
Project("{9A19103F-16F7-4668-BE54-9A1E7A4F7556}") = "BlogWebApi", "BlogWebApi.csproj", "{A1892158-449D-42AE-80A9-73104BE173A1}"
EndProject
Global
	GlobalSection(SolutionConfigurationPlatforms) = preSolution
		Debug|Any CPU = Debug|Any CPU
		Release|Any CPU = Release|Any CPU
	EndGlobalSection
	GlobalSection(ProjectConfigurationPlatforms) = postSolution
		{A1892158-449D-42AE-80A9-73104BE173A1}.Debug|Any CPU.ActiveCfg = Debug|Any CPU
		{A1892158-449D-42AE-80A9-73104BE173A1}.Debug|Any CPU.Build.0 = Debug|Any CPU
		{A1892158-449D-42AE-80A9-73104BE173A1}.Release|Any CPU.ActiveCfg = Release|Any CPU
		{A1892158-449D-42AE-80A9-73104BE173A1}.Release|Any CPU.Build.0 = Release|Any CPU
	EndGlobalSection
	GlobalSection(SolutionProperties) = preSolution
		HideSolutionNode = FALSE
	EndGlobalSection
	GlobalSection(ExtensibilityGlobals) = postSolution
		SolutionGuid = {7EECBB67-5A04-4155-BF82-C684F956462A}
	EndGlobalSection
EndGlobal
